
Microsoft Visual Studio Solution File, Format Version 12.00
# Visual Studio 2013
VisualStudioVersion = 12.0.21005.1
MinimumVisualStudioVersion = 10.0.40219.1
Project("{FAE04EC0-301F-11D3-BF4B-00C04F79EFBC}") = "Blood Bank App", "Blood Bank App\Blood Bank App.csproj", "{0CD0C191-A34F-4D44-A22C-0D021E1CD989}"
EndProject
Global
	GlobalSection(SolutionConfigurationPlatforms) = preSolution
		Debug|Any CPU = Debug|Any CPU
		Release|Any CPU = Release|Any CPU
	EndGlobalSection
	GlobalSection(ProjectConfigurationPlatforms) = postSolution
		{0CD0C191-A34F-4D44-A22C-0D021E1CD989}.Debug|Any CPU.ActiveCfg = Debug|Any CPU
		{0CD0C191-A34F-4D44-A22C-0D021E1CD989}.Debug|Any CPU.Build.0 = Debug|Any CPU
		{0CD0C191-A34F-4D44-A22C-0D021E1CD989}.Release|Any CPU.ActiveCfg = Release|Any CPU
		{0CD0C191-A34F-4D44-A22C-0D021E1CD989}.Release|Any CPU.Build.0 = Release|Any CPU
	EndGlobalSection
	GlobalSection(SolutionProperties) = preSolution
		HideSolutionNode = FALSE
	EndGlobalSection
EndGlobal
